Microsoft Visual Studio Solution File, Format Version 12.00
# Visual Studio Version 17
VisualStudioVersion = 17.5.2.0
MinimumVisualStudioVersion = 10.0.40219.1
Project("{FAE04EC0-301F-11D3-BF4B-00C04F79EFBC}") = "pokesharpC", "pokesharpC.csproj", "{58918722-9333-3F97-004B-E41786D985CC}"
EndProject
Global
	GlobalSection(SolutionConfigurationPlatforms) = preSolution
		Debug|Any CPU = Debug|Any CPU
		Release|Any CPU = Release|Any CPU
	EndGlobalSection
	GlobalSection(ProjectConfigurationPlatforms) = postSolution
		{58918722-9333-3F97-004B-E41786D985CC}.Debug|Any CPU.ActiveCfg = Debug|Any CPU
		{58918722-9333-3F97-004B-E41786D985CC}.Debug|Any CPU.Build.0 = Debug|Any CPU
		{58918722-9333-3F97-004B-E41786D985CC}.Release|Any CPU.ActiveCfg = Release|Any CPU
		{58918722-9333-3F97-004B-E41786D985CC}.Release|Any CPU.Build.0 = Release|Any CPU
	EndGlobalSection
	GlobalSection(SolutionProperties) = preSolution
		HideSolutionNode = FALSE
	EndGlobalSection
	GlobalSection(ExtensibilityGlobals) = postSolution
		SolutionGuid = {3BE39CFC-70A2-46BB-B5D0-5CB418F132DE}
	EndGlobalSection
EndGlobal
